// !$*UTF8*$!
{
	archiveVersion = 1;
	classes = {
	};
	objectVersion = 48;
	objects = {

/* Begin PBXBuildFile section */
		BBD0ACFC1FA1775200402E69 /* AppDelegate.swift in Sources */ = {isa = PBXBuildFile; fileRef = BBD0ACFB1FA1775200402E69 /* AppDelegate.swift */; };
		BBD0ACFE1FA1775200402E69 /* ViewController.swift in Sources */ = {isa = PBXBuildFile; fileRef = BBD0ACFD1FA1775200402E69 /* ViewController.swift */; };
		BBD0AD011FA1775200402E69 /* Main.storyboard in Resources */ = {isa = PBXBuildFile; fileRef = BBD0ACFF1FA1775200402E69 /* Main.storyboard */; };
		BBD0AD031FA1775200402E69 /* Assets.xcassets in Resources */ = {isa = PBXBuildFile; fileRef = BBD0AD021FA1775200402E69 /* Assets.xcassets */; };
		BBD0AD061FA1775200402E69 /* LaunchScreen.storyboard in Resources */ = {isa = PBXBuildFile; fileRef = BBD0AD041FA1775200402E69 /* LaunchScreen.storyboard */; };
		BBD0AD111FA1775200402E69 /* Game_of_Thrones_iMDBTests.swift in Sources */ = {isa = PBXBuildFile; fileRef = BBD0AD101FA1775200402E69 /* Game_of_Thrones_iMDBTests.swift */; };
		BBD0AD1C1FA1775300402E69 /* Game_of_Thrones_iMDBUITests.swift in Sources */ = {isa = PBXBuildFile; fileRef = BBD0AD1B1FA1775300402E69 /* Game_of_Thrones_iMDBUITests.swift */; };
/* End PBXBuildFile section */

/* Begin PBXContainerItemProxy section */
		BBD0AD0D1FA1775200402E69 /* PBXContainerItemProxy */ = {
			isa = PBXContainerItemProxy;
			containerPortal = BBD0ACF01FA1775200402E69 /* Project object */;
			proxyType = 1;
			remoteGlobalIDString = BBD0ACF71FA1775200402E69;
			remoteInfo = "Game of Thrones iMDB";
		};
		BBD0AD181FA1775300402E69 /* PBXContainerItemProxy */ = {
			isa = PBXContainerItemProxy;
			containerPortal = BBD0ACF01FA1775200402E69 /* Project object */;
			proxyType = 1;
			remoteGlobalIDString = BBD0ACF71FA1775200402E69;
			remoteInfo = "Game of Thrones iMDB";
		};
/* End PBXContainerItemProxy section */

/* Begin PBXFileReference section */
		BBD0ACF81FA1775200402E69 /* Game of Thrones iMDB.app */ = {isa = PBXFileReference; explicitFileType = wrapper.application; includeInIndex = 0; path = "Game of Thrones iMDB.app"; sourceTree = BUILT_PRODUCTS_DIR; };
		BBD0ACFB1FA1775200402E69 /* AppDelegate.swift */ = {isa = PBXFileReference; lastKnownFileType = sourcecode.swift; path = AppDelegate.swift; sourceTree = "<group>"; };
		BBD0ACFD1FA1775200402E69 /* ViewController.swift */ = {isa = PBXFileReference; lastKnownFileType = sourcecode.swift; path = ViewController.swift; sourceTree = "<group>"; };
		BBD0AD001FA1775200402E69 /* Base */ = {isa = PBXFileReference; lastKnownFileType = file.storyboard; name = Base; path = Base.lproj/Main.storyboard; sourceTree = "<group>"; };
		BBD0AD021FA1775200402E69 /* Assets.xcassets */ = {isa = PBXFileReference; lastKnownFileType = folder.assetcatalog; path = Assets.xcassets; sourceTree = "<group>"; };
		BBD0AD051FA1775200402E69 /* Base */ = {isa = PBXFileReference; lastKnownFileType = file.storyboard; name = Base; path = Base.lproj/LaunchScreen.storyboard; sourceTree = "<group>"; };
		BBD0AD071FA1775200402E69 /* Info.plist */ = {isa = PBXFileReference; lastKnownFileType = text.plist.xml; path = Info.plist; sourceTree = "<group>"; };
		BBD0AD0C1FA1775200402E69 /* Game of Thrones iMDBTests.xctest */ = {isa = PBXFileReference; explicitFileType = wrapper.cfbundle; includeInIndex = 0; path = "Game of Thrones iMDBTests.xctest"; sourceTree = BUILT_PRODUCTS_DIR; };
		BBD0AD101FA1775200402E69 /* Game_of_Thrones_iMDBTests.swift */ = {isa = PBXFileReference; lastKnownFileType = sourcecode.swift; path = Game_of_Thrones_iMDBTests.swift; sourceTree = "<group>"; };
		BBD0AD121FA1775200402E69 /* Info.plist */ = {isa = PBXFileReference; lastKnownFileType = text.plist.xml; path = Info.plist; sourceTree = "<group>"; };
		BBD0AD171FA1775300402E69 /* Game of Thrones iMDBUITests.xctest */ = {isa = PBXFileReference; explicitFileType = wrapper.cfbundle; includeInIndex = 0; path = "Game of Thrones iMDBUITests.xctest"; sourceTree = BUILT_PRODUCTS_DIR; };
		BBD0AD1B1FA1775300402E69 /* Game_of_Thrones_iMDBUITests.swift */ = {isa = PBXFileReference; lastKnownFileType = sourcecode.swift; path = Game_of_Thrones_iMDBUITests.swift; sourceTree = "<group>"; };
		BBD0AD1D1FA1775300402E69 /* Info.plist */ = {isa = PBXFileReference; lastKnownFileType = text.plist.xml; path = Info.plist; sourceTree = "<group>"; };
/* End PBXFileReference section */

/* Begin PBXFrameworksBuildPhase section */
		BBD0ACF51FA1775200402E69 /* Frameworks */ = {
			isa = PBXFrameworksBuildPhase;
			buildActionMask = 2147483647;
			files = (
			);
			runOnlyForDeploymentPostprocessing = 0;
		};
		BBD0AD091FA1775200402E69 /* Frameworks */ = {
			isa = PBXFrameworksBuildPhase;
			buildActionMask = 2147483647;
			files = (
			);
			runOnlyForDeploymentPostprocessing = 0;
		};
		BBD0AD141FA1775300402E69 /* Frameworks */ = {
			isa = PBXFrameworksBuildPhase;
			buildActionMask = 2147483647;
			files = (
			);
			runOnlyForDeploymentPostprocessing = 0;
		};
/* End PBXFrameworksBuildPhase section */

/* Begin PBXGroup section */
		BBD0ACEF1FA1775200402E69 = {
			isa = PBXGroup;
			children = (
				BBD0ACFA1FA1775200402E69 /* Game of Thrones iMDB */,
				BBD0AD0F1FA1775200402E69 /* Game of Thrones iMDBTests */,
				BBD0AD1A1FA1775300402E69 /* Game of Thrones iMDBUITests */,
				BBD0ACF91FA1775200402E69 /* Products */,
			);
			sourceTree = "<group>";
		};
		BBD0ACF91FA1775200402E69 /* Products */ = {
			isa = PBXGroup;
			children = (
				BBD0ACF81FA1775200402E69 /* Game of Thrones iMDB.app */,
				BBD0AD0C1FA1775200402E69 /* Game of Thrones iMDBTests.xctest */,
				BBD0AD171FA1775300402E69 /* Game of Thrones iMDBUITests.xctest */,
			);
			name = Products;
			sourceTree = "<group>";
		};
		BBD0ACFA1FA1775200402E69 /* Game of Thrones iMDB */ = {
			isa = PBXGroup;
			children = (
				BBD0ACFB1FA1775200402E69 /* AppDelegate.swift */,
				BBD0ACFD1FA1775200402E69 /* ViewController.swift */,
				BBD0ACFF1FA1775200402E69 /* Main.storyboard */,
				BBD0AD021FA1775200402E69 /* Assets.xcassets */,
				BBD0AD041FA1775200402E69 /* LaunchScreen.storyboard */,
				BBD0AD071FA1775200402E69 /* Info.plist */,
			);
			path = "Game of Thrones iMDB";
			sourceTree = "<group>";
		};
		BBD0AD0F1FA1775200402E69 /* Game of Thrones iMDBTests */ = {
			isa = PBXGroup;
			children = (
				BBD0AD101FA1775200402E69 /* Game_of_Thrones_iMDBTests.swift */,
				BBD0AD121FA1775200402E69 /* Info.plist */,
			);
			path = "Game of Thrones iMDBTests";
			sourceTree = "<group>";
		};
		BBD0AD1A1FA1775300402E69 /* Game of Thrones iMDBUITests */ = {
			isa = PBXGroup;
			children = (
				BBD0AD1B1FA1775300402E69 /* Game_of_Thrones_iMDBUITests.swift */,
				BBD0AD1D1FA1775300402E69 /* Info.plist */,
			);
			path = "Game of Thrones iMDBUITests";
			sourceTree = "<group>";
		};
/* End PBXGroup section */

/* Begin PBXNativeTarget section */
		BBD0ACF71FA1775200402E69 /* Game of Thrones iMDB */ = {
			isa = PBXNativeTarget;
			buildConfigurationList = BBD0AD201FA1775300402E69 /* Build configuration list for PBXNativeTarget "Game of Thrones iMDB" */;
			buildPhases = (
				BBD0ACF41FA1775200402E69 /* Sources */,
				BBD0ACF51FA1775200402E69 /* Frameworks */,
				BBD0ACF61FA1775200402E69 /* Resources */,
			);
			buildRules = (
			);
			dependencies = (
			);
			name = "Game of Thrones iMDB";
			productName = "Game of Thrones iMDB";
			productReference = BBD0ACF81FA1775200402E69 /* Game of Thrones iMDB.app */;
			productType = "com.apple.product-type.application";
		};
		BBD0AD0B1FA1775200402E69 /* Game of Thrones iMDBTests */ = {
			isa = PBXNativeTarget;
			buildConfigurationList = BBD0AD231FA1775300402E69 /* Build configuration list for PBXNativeTarget "Game of Thrones iMDBTests" */;
			buildPhases = (
				BBD0AD081FA1775200402E69 /* Sources */,
				BBD0AD091FA1775200402E69 /* Frameworks */,
				BBD0AD0A1FA1775200402E69 /* Resources */,
			);
			buildRules = (
			);
			dependencies = (
				BBD0AD0E1FA1775200402E69 /* PBXTargetDependency */,
			);
			name = "Game of Thrones iMDBTests";
			productName = "Game of Thrones iMDBTests";
			productReference = BBD0AD0C1FA1775200402E69 /* Game of Thrones iMDBTests.xctest */;
			productType = "com.apple.product-type.bundle.unit-test";
		};
		BBD0AD161FA1775300402E69 /* Game of Thrones iMDBUITests */ = {
			isa = PBXNativeTarget;
			buildConfigurationList = BBD0AD261FA1775300402E69 /* Build configuration list for PBXNativeTarget "Game of Thrones iMDBUITests" */;
			buildPhases = (
				BBD0AD131FA1775300402E69 /* Sources */,
				BBD0AD141FA1775300402E69 /* Frameworks */,
				BBD0AD151FA1775300402E69 /* Resources */,
			);
			buildRules = (
			);
			dependencies = (
				BBD0AD191FA1775300402E69 /* PBXTargetDependency */,
			);
			name = "Game of Thrones iMDBUITests";
			productName = "Game of Thrones iMDBUITests";
			productReference = BBD0AD171FA1775300402E69 /* Game of Thrones iMDBUITests.xctest */;
			productType = "com.apple.product-type.bundle.ui-testing";
		};
/* End PBXNativeTarget section */

/* Begin PBXProject section */
		BBD0ACF01FA1775200402E69 /* Project object */ = {
			isa = PBXProject;
			attributes = {
				LastSwiftUpdateCheck = 0900;
				LastUpgradeCheck = 0900;
				ORGANIZATIONNAME = "Mobile Consulting Solutions";
				TargetAttributes = {
					BBD0ACF71FA1775200402E69 = {
						CreatedOnToolsVersion = 9.0.1;
						ProvisioningStyle = Automatic;
					};
					BBD0AD0B1FA1775200402E69 = {
						CreatedOnToolsVersion = 9.0.1;
						ProvisioningStyle = Automatic;
						TestTargetID = BBD0ACF71FA1775200402E69;
					};
					BBD0AD161FA1775300402E69 = {
						CreatedOnToolsVersion = 9.0.1;
						ProvisioningStyle = Automatic;
						TestTargetID = BBD0ACF71FA1775200402E69;
					};
				};
			};
			buildConfigurationList = BBD0ACF31FA1775200402E69 /* Build configuration list for PBXProject "Game of Thrones iMDB" */;
			compatibilityVersion = "Xcode 8.0";
			developmentRegion = en;
			hasScannedForEncodings = 0;
			knownRegions = (
				en,
				Base,
			);
			mainGroup = BBD0ACEF1FA1775200402E69;
			productRefGroup = BBD0ACF91FA1775200402E69 /* Products */;
			projectDirPath = "";
			projectRoot = "";
			targets = (
				BBD0ACF71FA1775200402E69 /* Game of Thrones iMDB */,
				BBD0AD0B1FA1775200402E69 /* Game of Thrones iMDBTests */,
				BBD0AD161FA1775300402E69 /* Game of Thrones iMDBUITests */,
			);
		};
/* End PBXProject section */

/* Begin PBXResourcesBuildPhase section */
		BBD0ACF61FA1775200402E69 /* Resources */ = {
			isa = PBXResourcesBuildPhase;
			buildActionMask = 2147483647;
			files = (
				BBD0AD061FA1775200402E69 /* LaunchScreen.storyboard in Resources */,
				BBD0AD031FA1775200402E69 /* Assets.xcassets in Resources */,
				BBD0AD011FA1775200402E69 /* Main.storyboard in Resources */,
			);
			runOnlyForDeploymentPostprocessing = 0;
		};
		BBD0AD0A1FA1775200402E69 /* Resources */ = {
			isa = PBXResourcesBuildPhase;
			buildActionMask = 2147483647;
			files = (
			);
			runOnlyForDeploymentPostprocessing = 0;
		};
		BBD0AD151FA1775300402E69 /* Resources */ = {
			isa = PBXResourcesBuildPhase;
			buildActionMask = 2147483647;
			files = (
			);
			runOnlyForDeploymentPostprocessing = 0;
		};
/* End PBXResourcesBuildPhase section */

/* Begin PBXSourcesBuildPhase section */
		BBD0ACF41FA1775200402E69 /* Sources */ = {
			isa = PBXSourcesBuildPhase;
			buildActionMask = 2147483647;
			files = (
				BBD0ACFE1FA1775200402E69 /* ViewController.swift in Sources */,
				BBD0ACFC1FA1775200402E69 /* AppDelegate.swift in Sources */,
			);
			runOnlyForDeploymentPostprocessing = 0;
		};
		BBD0AD081FA1775200402E69 /* Sources */ = {
			isa = PBXSourcesBuildPhase;
			buildActionMask = 2147483647;
			files = (
				BBD0AD111FA1775200402E69 /* Game_of_Thrones_iMDBTests.swift in Sources */,
			);
			runOnlyForDeploymentPostprocessing = 0;
		};
		BBD0AD131FA1775300402E69 /* Sources */ = {
			isa = PBXSourcesBuildPhase;
			buildActionMask = 2147483647;
			files = (
				BBD0AD1C1FA1775300402E69 /* Game_of_Thrones_iMDBUITests.swift in Sources */,
			);
			runOnlyForDeploymentPostprocessing = 0;
		};
/* End PBXSourcesBuildPhase section */

/* Begin PBXTargetDependency section */
		BBD0AD0E1FA1775200402E69 /* PBXTargetDependency */ = {
			isa = PBXTargetDependency;
			target = BBD0ACF71FA1775200402E69 /* Game of Thrones iMDB */;
			targetProxy = BBD0AD0D1FA1775200402E69 /* PBXContainerItemProxy */;
		};
		BBD0AD191FA1775300402E69 /* PBXTargetDependency */ = {
			isa = PBXTargetDependency;
			target = BBD0ACF71FA1775200402E69 /* Game of Thrones iMDB */;
			targetProxy = BBD0AD181FA1775300402E69 /* PBXContainerItemProxy */;
		};
/* End PBXTargetDependency section */

/* Begin PBXVariantGroup section */
		BBD0ACFF1FA1775200402E69 /* Main.storyboard */ = {
			isa = PBXVariantGroup;
			children = (
				BBD0AD001FA1775200402E69 /* Base */,
			);
			name = Main.storyboard;
			sourceTree = "<group>";
		};
		BBD0AD041FA1775200402E69 /* LaunchScreen.storyboard */ = {
			isa = PBXVariantGroup;
			children = (
				BBD0AD051FA1775200402E69 /* Base */,
			);
			name = LaunchScreen.storyboard;
			sourceTree = "<group>";
		};
/* End PBXVariantGroup section */

/* Begin XCBuildConfiguration section */
		BBD0AD1E1FA1775300402E69 /* Debug */ = {
			isa = XCBuildConfiguration;
			buildSettings = {
				ALWAYS_SEARCH_USER_PATHS = NO;
				CLANG_ANALYZER_NONNULL = YES;
				CLANG_ANALYZER_NUMBER_OBJECT_CONVERSION = YES_AGGRESSIVE;
				CLANG_CXX_LANGUAGE_STANDARD = "gnu++14";
				CLANG_CXX_LIBRARY = "libc++";
				CLANG_ENABLE_MODULES = YES;
				CLANG_ENABLE_OBJC_ARC = YES;
				CLANG_WARN_BLOCK_CAPTURE_AUTORELEASING = YES;
				CLANG_WARN_BOOL_CONVERSION = YES;
				CLANG_WARN_COMMA = YES;
				CLANG_WARN_CONSTANT_CONVERSION = YES;
				CLANG_WARN_DIRECT_OBJC_ISA_USAGE = YES_ERROR;
				CLANG_WARN_DOCUMENTATION_COMMENTS = YES;
				CLANG_WARN_EMPTY_BODY = YES;
				CLANG_WARN_ENUM_CONVERSION = YES;
				CLANG_WARN_INFINITE_RECURSION = YES;
				CLANG_WARN_INT_CONVERSION = YES;
				CLANG_WARN_NON_LITERAL_NULL_CONVERSION = YES;
				CLANG_WARN_OBJC_LITERAL_CONVERSION = YES;
				CLANG_WARN_OBJC_ROOT_CLASS = YES_ERROR;
				CLANG_WARN_RANGE_LOOP_ANALYSIS = YES;
				CLANG_WARN_STRICT_PROTOTYPES = YES;
				CLANG_WARN_SUSPICIOUS_MOVE = YES;
				CLANG_WARN_UNGUARDED_AVAILABILITY = YES_AGGRESSIVE;
				CLANG_WARN_UNREACHABLE_CODE = YES;
				CLANG_WARN__DUPLICATE_METHOD_MATCH = YES;
				CODE_SIGN_IDENTITY = "iPhone Developer";
				COPY_PHASE_STRIP = NO;
				DEBUG_INFORMATION_FORMAT = dwarf;
				ENABLE_STRICT_OBJC_MSGSEND = YES;
				ENABLE_TESTABILITY = YES;
				GCC_C_LANGUAGE_STANDARD = gnu11;
				GCC_DYNAMIC_NO_PIC = NO;
				GCC_NO_COMMON_BLOCKS = YES;
				GCC_OPTIMIZATION_LEVEL = 0;
				GCC_PREPROCESSOR_DEFINITIONS = (
					"DEBUG=1",
					"$(inherited)",
				);
				GCC_WARN_64_TO_32_BIT_CONVERSION = YES;
				GCC_WARN_ABOUT_RETURN_TYPE = YES_ERROR;
				GCC_WARN_UNDECLARED_SELECTOR = YES;
				GCC_WARN_UNINITIALIZED_AUTOS = YES_AGGRESSIVE;
				GCC_WARN_UNUSED_FUNCTION = YES;
				GCC_WARN_UNUSED_VARIABLE = YES;
				IPHONEOS_DEPLOYMENT_TARGET = 11.0;
				MTL_ENABLE_DEBUG_INFO = YES;
				ONLY_ACTIVE_ARCH = YES;
				SDKROOT = iphoneos;
				SWIFT_ACTIVE_COMPILATION_CONDITIONS = DEBUG;
				SWIFT_OPTIMIZATION_LEVEL = "-Onone";
			};
			name = Debug;
		};
		BBD0AD1F1FA1775300402E69 /* Release */ = {
			isa = XCBuildConfiguration;
			buildSettings = {
				ALWAYS_SEARCH_USER_PATHS = NO;
				CLANG_ANALYZER_NONNULL = YES;
				CLANG_ANALYZER_NUMBER_OBJECT_CONVERSION = YES_AGGRESSIVE;
				CLANG_CXX_LANGUAGE_STANDARD = "gnu++14";
				CLANG_CXX_LIBRARY = "libc++";
				CLANG_ENABLE_MODULES = YES;
				CLANG_ENABLE_OBJC_ARC = YES;
				CLANG_WARN_BLOCK_CAPTURE_AUTORELEASING = YES;
				CLANG_WARN_BOOL_CONVERSION = YES;
				CLANG_WARN_COMMA = YES;
				CLANG_WARN_CONSTANT_CONVERSION = YES;
				CLANG_WARN_DIRECT_OBJC_ISA_USAGE = YES_ERROR;
				CLANG_WARN_DOCUMENTATION_COMMENTS = YES;
				CLANG_WARN_EMPTY_BODY = YES;
				CLANG_WARN_ENUM_CONVERSION = YES;
				CLANG_WARN_INFINITE_RECURSION = YES;
				CLANG_WARN_INT_CONVERSION = YES;
				CLANG_WARN_NON_LITERAL_NULL_CONVERSION = YES;
				CLANG_WARN_OBJC_LITERAL_CONVERSION = YES;
				CLANG_WARN_OBJC_ROOT_CLASS = YES_ERROR;
				CLANG_WARN_RANGE_LOOP_ANALYSIS = YES;
				CLANG_WARN_STRICT_PROTOTYPES = YES;
				CLANG_WARN_SUSPICIOUS_MOVE = YES;
				CLANG_WARN_UNGUARDED_AVAILABILITY = YES_AGGRESSIVE;
				CLANG_WARN_UNREACHABLE_CODE = YES;
				CLANG_WARN__DUPLICATE_METHOD_MATCH = YES;
				CODE_SIGN_IDENTITY = "iPhone Developer";
				COPY_PHASE_STRIP = NO;
				DEBUG_INFORMATION_FORMAT = "dwarf-with-dsym";
				ENABLE_NS_ASSERTIONS = NO;
				ENABLE_STRICT_OBJC_MSGSEND = YES;
				GCC_C_LANGUAGE_STANDARD = gnu11;
				GCC_NO_COMMON_BLOCKS = YES;
				GCC_WARN_64_TO_32_BIT_CONVERSION = YES;
				GCC_WARN_ABOUT_RETURN_TYPE = YES_ERROR;
				GCC_WARN_UNDECLARED_SELECTOR = YES;
				GCC_WARN_UNINITIALIZED_AUTOS = YES_AGGRESSIVE;
				GCC_WARN_UNUSED_FUNCTION = YES;
				GCC_WARN_UNUSED_VARIABLE = YES;
				IPHONEOS_DEPLOYMENT_TARGET = 11.0;
				MTL_ENABLE_DEBUG_INFO = NO;
				SDKROOT = iphoneos;
				SWIFT_OPTIMIZATION_LEVEL = "-Owholemodule";
				VALIDATE_PRODUCT = YES;
			};
			name = Release;
		};
		BBD0AD211FA1775300402E69 /* Debug */ = {
			isa = XCBuildConfiguration;
			buildSettings = {
				ASSETCATALOG_COMPILER_APPICON_NAME = AppIcon;
				CODE_SIGN_STYLE = Automatic;
				DEVELOPMENT_TEAM = 76456274W3;
				INFOPLIST_FILE = "Game of Thrones iMDB/Info.plist";
				LD_RUNPATH_SEARCH_PATHS = "$(inherited) @executable_path/Frameworks";
				PRODUCT_BUNDLE_IDENTIFIER = "MCS.Game-of-Thrones-iMDB";
				PRODUCT_NAME = "$(TARGET_NAME)";
				SWIFT_VERSION = 4.0;
				TARGETED_DEVICE_FAMILY = "1,2";
			};
			name = Debug;
		};
		BBD0AD221FA1775300402E69 /* Release */ = {
			isa = XCBuildConfiguration;
			buildSettings = {
				ASSETCATALOG_COMPILER_APPICON_NAME = AppIcon;
				CODE_SIGN_STYLE = Automatic;
				DEVELOPMENT_TEAM = 76456274W3;
				INFOPLIST_FILE = "Game of Thrones iMDB/Info.plist";
				LD_RUNPATH_SEARCH_PATHS = "$(inherited) @executable_path/Frameworks";
				PRODUCT_BUNDLE_IDENTIFIER = "MCS.Game-of-Thrones-iMDB";
				PRODUCT_NAME = "$(TARGET_NAME)";
				SWIFT_VERSION = 4.0;
				TARGETED_DEVICE_FAMILY = "1,2";
			};
			name = Release;
		};
		BBD0AD241FA1775300402E69 /* Debug */ = {
			isa = XCBuildConfiguration;
			buildSettings = {
				ALWAYS_EMBED_SWIFT_STANDARD_LIBRARIES = YES;
				BUNDLE_LOADER = "$(TEST_HOST)";
				CODE_SIGN_STYLE = Automatic;
				DEVELOPMENT_TEAM = 76456274W3;
				INFOPLIST_FILE = "Game of Thrones iMDBTests/Info.plist";
				LD_RUNPATH_SEARCH_PATHS = "$(inherited) @executable_path/Frameworks @loader_path/Frameworks";
				PRODUCT_BUNDLE_IDENTIFIER = "MCS.Game-of-Thrones-iMDBTests";
				PRODUCT_NAME = "$(TARGET_NAME)";
				SWIFT_VERSION = 4.0;
				TARGETED_DEVICE_FAMILY = "1,2";
				TEST_HOST = "$(BUILT_PRODUCTS_DIR)/Game of Thrones iMDB.app/Game of Thrones iMDB";
			};
			name = Debug;
		};
		BBD0AD251FA1775300402E69 /* Release */ = {
			isa = XCBuildConfiguration;
			buildSettings = {
				ALWAYS_EMBED_SWIFT_STANDARD_LIBRARIES = YES;
				BUNDLE_LOADER = "$(TEST_HOST)";
				CODE_SIGN_STYLE = Automatic;
				DEVELOPMENT_TEAM = 76456274W3;
				INFOPLIST_FILE = "Game of Thrones iMDBTests/Info.plist";
				LD_RUNPATH_SEARCH_PATHS = "$(inherited) @executable_path/Frameworks @loader_path/Frameworks";
				PRODUCT_BUNDLE_IDENTIFIER = "MCS.Game-of-Thrones-iMDBTests";
				PRODUCT_NAME = "$(TARGET_NAME)";
				SWIFT_VERSION = 4.0;
				TARGETED_DEVICE_FAMILY = "1,2";
				TEST_HOST = "$(BUILT_PRODUCTS_DIR)/Game of Thrones iMDB.app/Game of Thrones iMDB";
			};
			name = Release;
		};
		BBD0AD271FA1775300402E69 /* Debug */ = {
			isa = XCBuildConfiguration;
			buildSettings = {
				ALWAYS_EMBED_SWIFT_STANDARD_LIBRARIES = YES;
				CODE_SIGN_STYLE = Automatic;
				DEVELOPMENT_TEAM = 76456274W3;
				INFOPLIST_FILE = "Game of Thrones iMDBUITests/Info.plist";
				LD_RUNPATH_SEARCH_PATHS = "$(inherited) @executable_path/Frameworks @loader_path/Frameworks";
				PRODUCT_BUNDLE_IDENTIFIER = "MCS.Game-of-Thrones-iMDBUITests";
				PRODUCT_NAME = "$(TARGET_NAME)";
				SWIFT_VERSION = 4.0;
				TARGETED_DEVICE_FAMILY = "1,2";
				TEST_TARGET_NAME = "Game of Thrones iMDB";
			};
			name = Debug;
		};
		BBD0AD281FA1775300402E69 /* Release */ = {
			isa = XCBuildConfiguration;
			buildSettings = {
				ALWAYS_EMBED_SWIFT_STANDARD_LIBRARIES = YES;
				CODE_SIGN_STYLE = Automatic;
				DEVELOPMENT_TEAM = 76456274W3;
				INFOPLIST_FILE = "Game of Thrones iMDBUITests/Info.plist";
				LD_RUNPATH_SEARCH_PATHS = "$(inherited) @executable_path/Frameworks @loader_path/Frameworks";
				PRODUCT_BUNDLE_IDENTIFIER = "MCS.Game-of-Thrones-iMDBUITests";
				PRODUCT_NAME = "$(TARGET_NAME)";
				SWIFT_VERSION = 4.0;
				TARGETED_DEVICE_FAMILY = "1,2";
				TEST_TARGET_NAME = "Game of Thrones iMDB";
			};
			name = Release;
		};
/* End XCBuildConfiguration section */

/* Begin XCConfigurationList section */
		BBD0ACF31FA1775200402E69 /* Build configuration list for PBXProject "Game of Thrones iMDB" */ = {
			isa = XCConfigurationList;
			buildConfigurations = (
				BBD0AD1E1FA1775300402E69 /* Debug */,
				BBD0AD1F1FA1775300402E69 /* Release */,
			);
			defaultConfigurationIsVisible = 0;
			defaultConfigurationName = Release;
		};
		BBD0AD201FA1775300402E69 /* Build configuration list for PBXNativeTarget "Game of Thrones iMDB" */ = {
			isa = XCConfigurationList;
			buildConfigurations = (
				BBD0AD211FA1775300402E69 /* Debug */,
				BBD0AD221FA1775300402E69 /* Release */,
			);
			defaultConfigurationIsVisible = 0;
			defaultConfigurationName = Release;
		};
		BBD0AD231FA1775300402E69 /* Build configuration list for PBXNativeTarget "Game of Thrones iMDBTests" */ = {
			isa = XCConfigurationList;
			buildConfigurations = (
				BBD0AD241FA1775300402E69 /* Debug */,
				BBD0AD251FA1775300402E69 /* Release */,
			);
			defaultConfigurationIsVisible = 0;
			defaultConfigurationName = Release;
		};
		BBD0AD261FA1775300402E69 /* Build configuration list for PBXNativeTarget "Game of Thrones iMDBUITests" */ = {
			isa = XCConfigurationList;
			buildConfigurations = (
				BBD0AD271FA1775300402E69 /* Debug */,
				BBD0AD281FA1775300402E69 /* Release */,
			);
			defaultConfigurationIsVisible = 0;
			defaultConfigurationName = Release;
		};
/* End XCConfigurationList section */
	};
	rootObject = BBD0ACF01FA1775200402E69 /* Project object */;
}
